
Microsoft Visual Studio Solution File, Format Version 12.00
Project("{FAE04EC0-301F-11D3-BF4B-00C04F79EFBC}") = "WhileDoWhile", "WhileDoWhile.csproj", "{6F3131E7-3620-4BB3-A735-C17A18A122BD}"
EndProject
Global
	GlobalSection(SolutionConfigurationPlatforms) = preSolution
		Debug|Any CPU = Debug|Any CPU
		Release|Any CPU = Release|Any CPU
	EndGlobalSection
	GlobalSection(ProjectConfigurationPlatforms) = postSolution
		{6F3131E7-3620-4BB3-A735-C17A18A122BD}.Debug|Any CPU.ActiveCfg = Debug|Any CPU
		{6F3131E7-3620-4BB3-A735-C17A18A122BD}.Debug|Any CPU.Build.0 = Debug|Any CPU
		{6F3131E7-3620-4BB3-A735-C17A18A122BD}.Release|Any CPU.ActiveCfg = Release|Any CPU
		{6F3131E7-3620-4BB3-A735-C17A18A122BD}.Release|Any CPU.Build.0 = Release|Any CPU
	EndGlobalSection
EndGlobal
